{
    "_readme": [
        "This file locks the dependencies of your project to a known state",
        "Read more about it at http://getcomposer.org/doc/01-basic-usage.md#composer-lock-the-lock-file",
        "This file is @generated automatically"
    ],
    "hash": "0d19535463f73474bf2ce0d5059eed7b",
    "packages": [
        {
            "name": "pendalf89/yii-commentator",
            "version": "dev-master",
            "source": {
                "type": "git",
                "url": "https://github.com/PendalF89/yii-commentator.git",
                "reference": "ceaea6abebec8a8dc3f4f68fdd067374bdde1f9e"
            },
            "dist": {
                "type": "zip",
                "url": "https://api.github.com/repos/PendalF89/yii-commentator/zipball/ceaea6abebec8a8dc3f4f68fdd067374bdde1f9e",
                "reference": "ceaea6abebec8a8dc3f4f68fdd067374bdde1f9e",
                "shasum": ""
            },
            "type": "library",
            "autoload": {
                "psr-4": {
                    "pendalf89\\yii_commentator\\": ""
                }
            },
            "notification-url": "https://packagist.org/downloads/",
            "authors": [
                {
                    "name": "pendalf89",
                    "email": "pendalf@mail.ru"
                }
            ],
            "description": "Yii comments module",
            "time": "2014-12-12 09:32:31"
        }
    ],
    "packages-dev": [

    ],
    "aliases": [

    ],
    "minimum-stability": "stable",
    "stability-flags": {
        "pendalf89/yii-commentator": 20
    },
    "prefer-stable": false,
    "platform": [

    ],
    "platform-dev": [

    ]
}
